<Solution>
  <Folder Name="/Solution Items/">
    <File Path="AGENTS.md" />
    <File Path="WORKING-AGREEMENT.md" />
    <File Path="PLAN.md" />
    <File Path="README.md" />
  </Folder>
  <Folder Name="/src/">
    <Project Path="src/TinyFlags/TinyFlags.csproj" />
    <Project Path="src/TinyFlags.Http/TinyFlags.Http.csproj" />
    <Project Path="src/TinyFlags.Grpc/TinyFlags.Grpc.csproj" />
    <Project Path="src/TinyFlags.SourceGen/TinyFlags.SourceGen.csproj" />
  </Folder>
  <Folder Name="/tests/">
    <Project Path="tests/TinyFlags.Tests/TinyFlags.Tests.csproj" />
    <Project Path="tests/TinyFlags.Http.Tests/TinyFlags.Http.Tests.csproj" />
    <Project Path="tests/TinyFlags.Grpc.Tests/TinyFlags.Grpc.Tests.csproj" />
    <Project Path="tests/TinyFlags.SourceGen.Tests/TinyFlags.SourceGen.Tests.csproj" />
  </Folder>
</Solution>
